
Microsoft Visual Studio Solution File, Format Version 12.00
# Visual Studio 14
VisualStudioVersion = 14.0.24720.0
MinimumVisualStudioVersion = 10.0.40219.1
Project("{A0786B88-2ADB-4C21-ABE8-AA2D79766269}") = "zc-mongo", "zc-mongo.phpproj", "{0E44B82E-4219-4DC0-953D-CACEB7183B30}"
EndProject
Global
	GlobalSection(SolutionConfigurationPlatforms) = preSolution
		Debug|Any CPU = Debug|Any CPU
		Release|Any CPU = Release|Any CPU
	EndGlobalSection
	GlobalSection(ProjectConfigurationPlatforms) = postSolution
		{0E44B82E-4219-4DC0-953D-CACEB7183B30}.Debug|Any CPU.ActiveCfg = Debug|Any CPU
		{0E44B82E-4219-4DC0-953D-CACEB7183B30}.Debug|Any CPU.Build.0 = Debug|Any CPU
		{0E44B82E-4219-4DC0-953D-CACEB7183B30}.Release|Any CPU.ActiveCfg = Release|Any CPU
		{0E44B82E-4219-4DC0-953D-CACEB7183B30}.Release|Any CPU.Build.0 = Release|Any CPU
	EndGlobalSection
	GlobalSection(SolutionProperties) = preSolution
		HideSolutionNode = FALSE
	EndGlobalSection
EndGlobal
